{
  "pins" : [
    {
      "identity" : "scrollviewsectionkit",
      "kind" : "remoteSourceControl",
      "location" : "https://github.com/pavolkmet/ScrollViewSectionKit",
      "state" : {
        "branch" : "main",
        "revision" : "1c802879cb456fa6afa331c2bfc1d2ae50b879e3"
      }
    }
  ],
  "version" : 2
}
